// !$*UTF8*$!
{
	archiveVersion = 1;
	classes = {
	};
	objectVersion = 56;
	objects = {

/* Begin PBXBuildFile section */
		D229F5902B9E9596004F56A7 /* ScheduleAppApp.swift in Sources */ = {isa = PBXBuildFile; fileRef = D229F58F2B9E9596004F56A7 /* ScheduleAppApp.swift */; };
		D229F5962B9E9598004F56A7 /* Assets.xcassets in Resources */ = {isa = PBXBuildFile; fileRef = D229F5952B9E9598004F56A7 /* Assets.xcassets */; };
		D229F5992B9E9598004F56A7 /* Preview Assets.xcassets in Resources */ = {isa = PBXBuildFile; fileRef = D229F5982B9E9598004F56A7 /* Preview Assets.xcassets */; };
		D229F5A32B9E9598004F56A7 /* ScheduleAppTests.swift in Sources */ = {isa = PBXBuildFile; fileRef = D229F5A22B9E9598004F56A7 /* ScheduleAppTests.swift */; };
		D229F5AD2B9E9598004F56A7 /* ScheduleAppUITests.swift in Sources */ = {isa = PBXBuildFile; fileRef = D229F5AC2B9E9598004F56A7 /* ScheduleAppUITests.swift */; };
		D229F5AF2B9E9598004F56A7 /* ScheduleAppUITestsLaunchTests.swift in Sources */ = {isa = PBXBuildFile; fileRef = D229F5AE2B9E9598004F56A7 /* ScheduleAppUITestsLaunchTests.swift */; };
		D229F5C02B9E95F4004F56A7 /* ColorOption.swift in Sources */ = {isa = PBXBuildFile; fileRef = D229F5BF2B9E95F4004F56A7 /* ColorOption.swift */; };
		D229F5C22B9E960D004F56A7 /* CustomLabelStyle.swift in Sources */ = {isa = PBXBuildFile; fileRef = D229F5C12B9E960D004F56A7 /* CustomLabelStyle.swift */; };
		D229F5C52B9E9644004F56A7 /* Event.swift in Sources */ = {isa = PBXBuildFile; fileRef = D229F5C42B9E9644004F56A7 /* Event.swift */; };
		D229F5C72B9E9663004F56A7 /* EventData.swift in Sources */ = {isa = PBXBuildFile; fileRef = D229F5C62B9E9663004F56A7 /* EventData.swift */; };
		D229F5C92B9E9686004F56A7 /* EventEditor.swift in Sources */ = {isa = PBXBuildFile; fileRef = D229F5C82B9E9686004F56A7 /* EventEditor.swift */; };
		D229F5CB2B9E96BA004F56A7 /* EventList.swift in Sources */ = {isa = PBXBuildFile; fileRef = D229F5CA2B9E96BA004F56A7 /* EventList.swift */; };
		D229F5CD2B9E96CF004F56A7 /* EventRow.swift in Sources */ = {isa = PBXBuildFile; fileRef = D229F5CC2B9E96CF004F56A7 /* EventRow.swift */; };
		D229F5CF2B9E96E5004F56A7 /* EventSymbols.swift in Sources */ = {isa = PBXBuildFile; fileRef = D229F5CE2B9E96E5004F56A7 /* EventSymbols.swift */; };
		D229F5D12B9E96FE004F56A7 /* EventTask.swift in Sources */ = {isa = PBXBuildFile; fileRef = D229F5D02B9E96FE004F56A7 /* EventTask.swift */; };
		D229F5D32B9E9716004F56A7 /* SymbolPicker.swift in Sources */ = {isa = PBXBuildFile; fileRef = D229F5D22B9E9716004F56A7 /* SymbolPicker.swift */; };
		D229F5D52B9E972E004F56A7 /* TaskRow.swift in Sources */ = {isa = PBXBuildFile; fileRef = D229F5D42B9E972E004F56A7 /* TaskRow.swift */; };
/* End PBXBuildFile section */

/* Begin PBXContainerItemProxy section */
		D229F59F2B9E9598004F56A7 /* PBXContainerItemProxy */ = {
			isa = PBXContainerItemProxy;
			containerPortal = D229F5842B9E9595004F56A7 /* Project object */;
			proxyType = 1;
			remoteGlobalIDString = D229F58B2B9E9595004F56A7;
			remoteInfo = ScheduleApp;
		};
		D229F5A92B9E9598004F56A7 /* PBXContainerItemProxy */ = {
			isa = PBXContainerItemProxy;
			containerPortal = D229F5842B9E9595004F56A7 /* Project object */;
			proxyType = 1;
			remoteGlobalIDString = D229F58B2B9E9595004F56A7;
			remoteInfo = ScheduleApp;
		};
/* End PBXContainerItemProxy section */

/* Begin PBXFileReference section */
		D229F58C2B9E9595004F56A7 /* ScheduleApp.app */ = {isa = PBXFileReference; explicitFileType = wrapper.application; includeInIndex = 0; path = ScheduleApp.app; sourceTree = BUILT_PRODUCTS_DIR; };
		D229F58F2B9E9596004F56A7 /* ScheduleAppApp.swift */ = {isa = PBXFileReference; lastKnownFileType = sourcecode.swift; path = ScheduleAppApp.swift; sourceTree = "<group>"; };
		D229F5952B9E9598004F56A7 /* Assets.xcassets */ = {isa = PBXFileReference; lastKnownFileType = folder.assetcatalog; path = Assets.xcassets; sourceTree = "<group>"; };
		D229F5982B9E9598004F56A7 /* Preview Assets.xcassets */ = {isa = PBXFileReference; lastKnownFileType = folder.assetcatalog; path = "Preview Assets.xcassets"; sourceTree = "<group>"; };
		D229F59E2B9E9598004F56A7 /* ScheduleAppTests.xctest */ = {isa = PBXFileReference; explicitFileType = wrapper.cfbundle; includeInIndex = 0; path = ScheduleAppTests.xctest; sourceTree = BUILT_PRODUCTS_DIR; };
		D229F5A22B9E9598004F56A7 /* ScheduleAppTests.swift */ = {isa = PBXFileReference; lastKnownFileType = sourcecode.swift; path = ScheduleAppTests.swift; sourceTree = "<group>"; };
		D229F5A82B9E9598004F56A7 /* ScheduleAppUITests.xctest */ = {isa = PBXFileReference; explicitFileType = wrapper.cfbundle; includeInIndex = 0; path = ScheduleAppUITests.xctest; sourceTree = BUILT_PRODUCTS_DIR; };
		D229F5AC2B9E9598004F56A7 /* ScheduleAppUITests.swift */ = {isa = PBXFileReference; lastKnownFileType = sourcecode.swift; path = ScheduleAppUITests.swift; sourceTree = "<group>"; };
		D229F5AE2B9E9598004F56A7 /* ScheduleAppUITestsLaunchTests.swift */ = {isa = PBXFileReference; lastKnownFileType = sourcecode.swift; path = ScheduleAppUITestsLaunchTests.swift; sourceTree = "<group>"; };
		D229F5BF2B9E95F4004F56A7 /* ColorOption.swift */ = {isa = PBXFileReference; lastKnownFileType = sourcecode.swift; path = ColorOption.swift; sourceTree = "<group>"; };
		D229F5C12B9E960D004F56A7 /* CustomLabelStyle.swift */ = {isa = PBXFileReference; lastKnownFileType = sourcecode.swift; path = CustomLabelStyle.swift; sourceTree = "<group>"; };
		D229F5C42B9E9644004F56A7 /* Event.swift */ = {isa = PBXFileReference; lastKnownFileType = sourcecode.swift; path = Event.swift; sourceTree = "<group>"; };
		D229F5C62B9E9663004F56A7 /* EventData.swift */ = {isa = PBXFileReference; lastKnownFileType = sourcecode.swift; path = EventData.swift; sourceTree = "<group>"; };
		D229F5C82B9E9686004F56A7 /* EventEditor.swift */ = {isa = PBXFileReference; lastKnownFileType = sourcecode.swift; path = EventEditor.swift; sourceTree = "<group>"; };
		D229F5CA2B9E96BA004F56A7 /* EventList.swift */ = {isa = PBXFileReference; lastKnownFileType = sourcecode.swift; path = EventList.swift; sourceTree = "<group>"; };
		D229F5CC2B9E96CF004F56A7 /* EventRow.swift */ = {isa = PBXFileReference; lastKnownFileType = sourcecode.swift; path = EventRow.swift; sourceTree = "<group>"; };
		D229F5CE2B9E96E5004F56A7 /* EventSymbols.swift */ = {isa = PBXFileReference; lastKnownFileType = sourcecode.swift; path = EventSymbols.swift; sourceTree = "<group>"; };
		D229F5D02B9E96FE004F56A7 /* EventTask.swift */ = {isa = PBXFileReference; lastKnownFileType = sourcecode.swift; path = EventTask.swift; sourceTree = "<group>"; };
		D229F5D22B9E9716004F56A7 /* SymbolPicker.swift */ = {isa = PBXFileReference; lastKnownFileType = sourcecode.swift; path = SymbolPicker.swift; sourceTree = "<group>"; };
		D229F5D42B9E972E004F56A7 /* TaskRow.swift */ = {isa = PBXFileReference; lastKnownFileType = sourcecode.swift; path = TaskRow.swift; sourceTree = "<group>"; };
/* End PBXFileReference section */

/* Begin PBXFrameworksBuildPhase section */
		D229F5892B9E9595004F56A7 /* Frameworks */ = {
			isa = PBXFrameworksBuildPhase;
			buildActionMask = 2147483647;
			files = (
			);
			runOnlyForDeploymentPostprocessing = 0;
		};
		D229F59B2B9E9598004F56A7 /* Frameworks */ = {
			isa = PBXFrameworksBuildPhase;
			buildActionMask = 2147483647;
			files = (
			);
			runOnlyForDeploymentPostprocessing = 0;
		};
		D229F5A52B9E9598004F56A7 /* Frameworks */ = {
			isa = PBXFrameworksBuildPhase;
			buildActionMask = 2147483647;
			files = (
			);
			runOnlyForDeploymentPostprocessing = 0;
		};
/* End PBXFrameworksBuildPhase section */

/* Begin PBXGroup section */
		D229F5832B9E9595004F56A7 = {
			isa = PBXGroup;
			children = (
				D229F58E2B9E9595004F56A7 /* ScheduleApp */,
				D229F5A12B9E9598004F56A7 /* ScheduleAppTests */,
				D229F5AB2B9E9598004F56A7 /* ScheduleAppUITests */,
				D229F58D2B9E9595004F56A7 /* Products */,
			);
			sourceTree = "<group>";
		};
		D229F58D2B9E9595004F56A7 /* Products */ = {
			isa = PBXGroup;
			children = (
				D229F58C2B9E9595004F56A7 /* ScheduleApp.app */,
				D229F59E2B9E9598004F56A7 /* ScheduleAppTests.xctest */,
				D229F5A82B9E9598004F56A7 /* ScheduleAppUITests.xctest */,
			);
			name = Products;
			sourceTree = "<group>";
		};
		D229F58E2B9E9595004F56A7 /* ScheduleApp */ = {
			isa = PBXGroup;
			children = (
				D229F5BE2B9E95CC004F56A7 /* UI */,
				D229F5BD2B9E95C3004F56A7 /* Modules */,
				D229F5BB2B9E95AB004F56A7 /* Common */,
				D229F58F2B9E9596004F56A7 /* ScheduleAppApp.swift */,
				D229F5972B9E9598004F56A7 /* Preview Content */,
			);
			path = ScheduleApp;
			sourceTree = "<group>";
		};
		D229F5972B9E9598004F56A7 /* Preview Content */ = {
			isa = PBXGroup;
			children = (
				D229F5982B9E9598004F56A7 /* Preview Assets.xcassets */,
			);
			path = "Preview Content";
			sourceTree = "<group>";
		};
		D229F5A12B9E9598004F56A7 /* ScheduleAppTests */ = {
			isa = PBXGroup;
			children = (
				D229F5A22B9E9598004F56A7 /* ScheduleAppTests.swift */,
			);
			path = ScheduleAppTests;
			sourceTree = "<group>";
		};
		D229F5AB2B9E9598004F56A7 /* ScheduleAppUITests */ = {
			isa = PBXGroup;
			children = (
				D229F5AC2B9E9598004F56A7 /* ScheduleAppUITests.swift */,
				D229F5AE2B9E9598004F56A7 /* ScheduleAppUITestsLaunchTests.swift */,
			);
			path = ScheduleAppUITests;
			sourceTree = "<group>";
		};
		D229F5BB2B9E95AB004F56A7 /* Common */ = {
			isa = PBXGroup;
			children = (
				D229F5BC2B9E95B4004F56A7 /* Resources */,
			);
			path = Common;
			sourceTree = "<group>";
		};
		D229F5BC2B9E95B4004F56A7 /* Resources */ = {
			isa = PBXGroup;
			children = (
				D229F5952B9E9598004F56A7 /* Assets.xcassets */,
			);
			path = Resources;
			sourceTree = "<group>";
		};
		D229F5BD2B9E95C3004F56A7 /* Modules */ = {
			isa = PBXGroup;
			children = (
				D229F5C32B9E9636004F56A7 /* Event */,
			);
			path = Modules;
			sourceTree = "<group>";
		};
		D229F5BE2B9E95CC004F56A7 /* UI */ = {
			isa = PBXGroup;
			children = (
				D229F5D22B9E9716004F56A7 /* SymbolPicker.swift */,
				D229F5BF2B9E95F4004F56A7 /* ColorOption.swift */,
				D229F5C12B9E960D004F56A7 /* CustomLabelStyle.swift */,
			);
			path = UI;
			sourceTree = "<group>";
		};
		D229F5C32B9E9636004F56A7 /* Event */ = {
			isa = PBXGroup;
			children = (
				D229F5D72B9EA55F004F56A7 /* View */,
				D229F5D62B9E9827004F56A7 /* Model */,
			);
			path = Event;
			sourceTree = "<group>";
		};
		D229F5D62B9E9827004F56A7 /* Model */ = {
			isa = PBXGroup;
			children = (
				D229F5CE2B9E96E5004F56A7 /* EventSymbols.swift */,
				D229F5D02B9E96FE004F56A7 /* EventTask.swift */,
				D229F5C42B9E9644004F56A7 /* Event.swift */,
				D229F5C62B9E9663004F56A7 /* EventData.swift */,
			);
			path = Model;
			sourceTree = "<group>";
		};
		D229F5D72B9EA55F004F56A7 /* View */ = {
			isa = PBXGroup;
			children = (
				D229F5D42B9E972E004F56A7 /* TaskRow.swift */,
				D229F5C82B9E9686004F56A7 /* EventEditor.swift */,
				D229F5CA2B9E96BA004F56A7 /* EventList.swift */,
				D229F5CC2B9E96CF004F56A7 /* EventRow.swift */,
			);
			path = View;
			sourceTree = "<group>";
		};
/* End PBXGroup section */

/* Begin PBXNativeTarget section */
		D229F58B2B9E9595004F56A7 /* ScheduleApp */ = {
			isa = PBXNativeTarget;
			buildConfigurationList = D229F5B22B9E9598004F56A7 /* Build configuration list for PBXNativeTarget "ScheduleApp" */;
			buildPhases = (
				D229F5882B9E9595004F56A7 /* Sources */,
				D229F5892B9E9595004F56A7 /* Frameworks */,
				D229F58A2B9E9595004F56A7 /* Resources */,
			);
			buildRules = (
			);
			dependencies = (
			);
			name = ScheduleApp;
			productName = ScheduleApp;
			productReference = D229F58C2B9E9595004F56A7 /* ScheduleApp.app */;
			productType = "com.apple.product-type.application";
		};
		D229F59D2B9E9598004F56A7 /* ScheduleAppTests */ = {
			isa = PBXNativeTarget;
			buildConfigurationList = D229F5B52B9E9598004F56A7 /* Build configuration list for PBXNativeTarget "ScheduleAppTests" */;
			buildPhases = (
				D229F59A2B9E9598004F56A7 /* Sources */,
				D229F59B2B9E9598004F56A7 /* Frameworks */,
				D229F59C2B9E9598004F56A7 /* Resources */,
			);
			buildRules = (
			);
			dependencies = (
				D229F5A02B9E9598004F56A7 /* PBXTargetDependency */,
			);
			name = ScheduleAppTests;
			productName = ScheduleAppTests;
			productReference = D229F59E2B9E9598004F56A7 /* ScheduleAppTests.xctest */;
			productType = "com.apple.product-type.bundle.unit-test";
		};
		D229F5A72B9E9598004F56A7 /* ScheduleAppUITests */ = {
			isa = PBXNativeTarget;
			buildConfigurationList = D229F5B82B9E9598004F56A7 /* Build configuration list for PBXNativeTarget "ScheduleAppUITests" */;
			buildPhases = (
				D229F5A42B9E9598004F56A7 /* Sources */,
				D229F5A52B9E9598004F56A7 /* Frameworks */,
				D229F5A62B9E9598004F56A7 /* Resources */,
			);
			buildRules = (
			);
			dependencies = (
				D229F5AA2B9E9598004F56A7 /* PBXTargetDependency */,
			);
			name = ScheduleAppUITests;
			productName = ScheduleAppUITests;
			productReference = D229F5A82B9E9598004F56A7 /* ScheduleAppUITests.xctest */;
			productType = "com.apple.product-type.bundle.ui-testing";
		};
/* End PBXNativeTarget section */

/* Begin PBXProject section */
		D229F5842B9E9595004F56A7 /* Project object */ = {
			isa = PBXProject;
			attributes = {
				BuildIndependentTargetsInParallel = 1;
				LastSwiftUpdateCheck = 1520;
				LastUpgradeCheck = 1520;
				TargetAttributes = {
					D229F58B2B9E9595004F56A7 = {
						CreatedOnToolsVersion = 15.2;
					};
					D229F59D2B9E9598004F56A7 = {
						CreatedOnToolsVersion = 15.2;
						TestTargetID = D229F58B2B9E9595004F56A7;
					};
					D229F5A72B9E9598004F56A7 = {
						CreatedOnToolsVersion = 15.2;
						TestTargetID = D229F58B2B9E9595004F56A7;
					};
				};
			};
			buildConfigurationList = D229F5872B9E9595004F56A7 /* Build configuration list for PBXProject "ScheduleApp" */;
			compatibilityVersion = "Xcode 14.0";
			developmentRegion = en;
			hasScannedForEncodings = 0;
			knownRegions = (
				en,
				Base,
			);
			mainGroup = D229F5832B9E9595004F56A7;
			productRefGroup = D229F58D2B9E9595004F56A7 /* Products */;
			projectDirPath = "";
			projectRoot = "";
			targets = (
				D229F58B2B9E9595004F56A7 /* ScheduleApp */,
				D229F59D2B9E9598004F56A7 /* ScheduleAppTests */,
				D229F5A72B9E9598004F56A7 /* ScheduleAppUITests */,
			);
		};
/* End PBXProject section */

/* Begin PBXResourcesBuildPhase section */
		D229F58A2B9E9595004F56A7 /* Resources */ = {
			isa = PBXResourcesBuildPhase;
			buildActionMask = 2147483647;
			files = (
				D229F5992B9E9598004F56A7 /* Preview Assets.xcassets in Resources */,
				D229F5962B9E9598004F56A7 /* Assets.xcassets in Resources */,
			);
			runOnlyForDeploymentPostprocessing = 0;
		};
		D229F59C2B9E9598004F56A7 /* Resources */ = {
			isa = PBXResourcesBuildPhase;
			buildActionMask = 2147483647;
			files = (
			);
			runOnlyForDeploymentPostprocessing = 0;
		};
		D229F5A62B9E9598004F56A7 /* Resources */ = {
			isa = PBXResourcesBuildPhase;
			buildActionMask = 2147483647;
			files = (
			);
			runOnlyForDeploymentPostprocessing = 0;
		};
/* End PBXResourcesBuildPhase section */

/* Begin PBXSourcesBuildPhase section */
		D229F5882B9E9595004F56A7 /* Sources */ = {
			isa = PBXSourcesBuildPhase;
			buildActionMask = 2147483647;
			files = (
				D229F5C02B9E95F4004F56A7 /* ColorOption.swift in Sources */,
				D229F5C72B9E9663004F56A7 /* EventData.swift in Sources */,
				D229F5D12B9E96FE004F56A7 /* EventTask.swift in Sources */,
				D229F5D52B9E972E004F56A7 /* TaskRow.swift in Sources */,
				D229F5902B9E9596004F56A7 /* ScheduleAppApp.swift in Sources */,
				D229F5CF2B9E96E5004F56A7 /* EventSymbols.swift in Sources */,
				D229F5C92B9E9686004F56A7 /* EventEditor.swift in Sources */,
				D229F5CB2B9E96BA004F56A7 /* EventList.swift in Sources */,
				D229F5CD2B9E96CF004F56A7 /* EventRow.swift in Sources */,
				D229F5C52B9E9644004F56A7 /* Event.swift in Sources */,
				D229F5C22B9E960D004F56A7 /* CustomLabelStyle.swift in Sources */,
				D229F5D32B9E9716004F56A7 /* SymbolPicker.swift in Sources */,
			);
			runOnlyForDeploymentPostprocessing = 0;
		};
		D229F59A2B9E9598004F56A7 /* Sources */ = {
			isa = PBXSourcesBuildPhase;
			buildActionMask = 2147483647;
			files = (
				D229F5A32B9E9598004F56A7 /* ScheduleAppTests.swift in Sources */,
			);
			runOnlyForDeploymentPostprocessing = 0;
		};
		D229F5A42B9E9598004F56A7 /* Sources */ = {
			isa = PBXSourcesBuildPhase;
			buildActionMask = 2147483647;
			files = (
				D229F5AD2B9E9598004F56A7 /* ScheduleAppUITests.swift in Sources */,
				D229F5AF2B9E9598004F56A7 /* ScheduleAppUITestsLaunchTests.swift in Sources */,
			);
			runOnlyForDeploymentPostprocessing = 0;
		};
/* End PBXSourcesBuildPhase section */

/* Begin PBXTargetDependency section */
		D229F5A02B9E9598004F56A7 /* PBXTargetDependency */ = {
			isa = PBXTargetDependency;
			target = D229F58B2B9E9595004F56A7 /* ScheduleApp */;
			targetProxy = D229F59F2B9E9598004F56A7 /* PBXContainerItemProxy */;
		};
		D229F5AA2B9E9598004F56A7 /* PBXTargetDependency */ = {
			isa = PBXTargetDependency;
			target = D229F58B2B9E9595004F56A7 /* ScheduleApp */;
			targetProxy = D229F5A92B9E9598004F56A7 /* PBXContainerItemProxy */;
		};
/* End PBXTargetDependency section */

/* Begin XCBuildConfiguration section */
		D229F5B02B9E9598004F56A7 /* Debug */ = {
			isa = XCBuildConfiguration;
			buildSettings = {
				ALWAYS_SEARCH_USER_PATHS = NO;
				ASSETCATALOG_COMPILER_GENERATE_SWIFT_ASSET_SYMBOL_EXTENSIONS = YES;
				CLANG_ANALYZER_NONNULL = YES;
				CLANG_ANALYZER_NUMBER_OBJECT_CONVERSION = YES_AGGRESSIVE;
				CLANG_CXX_LANGUAGE_STANDARD = "gnu++20";
				CLANG_ENABLE_MODULES = YES;
				CLANG_ENABLE_OBJC_ARC = YES;
				CLANG_ENABLE_OBJC_WEAK = YES;
				CLANG_WARN_BLOCK_CAPTURE_AUTORELEASING = YES;
				CLANG_WARN_BOOL_CONVERSION = YES;
				CLANG_WARN_COMMA = YES;
				CLANG_WARN_CONSTANT_CONVERSION = YES;
				CLANG_WARN_DEPRECATED_OBJC_IMPLEMENTATIONS = YES;
				CLANG_WARN_DIRECT_OBJC_ISA_USAGE = YES_ERROR;
				CLANG_WARN_DOCUMENTATION_COMMENTS = YES;
				CLANG_WARN_EMPTY_BODY = YES;
				CLANG_WARN_ENUM_CONVERSION = YES;
				CLANG_WARN_INFINITE_RECURSION = YES;
				CLANG_WARN_INT_CONVERSION = YES;
				CLANG_WARN_NON_LITERAL_NULL_CONVERSION = YES;
				CLANG_WARN_OBJC_IMPLICIT_RETAIN_SELF = YES;
				CLANG_WARN_OBJC_LITERAL_CONVERSION = YES;
				CLANG_WARN_OBJC_ROOT_CLASS = YES_ERROR;
				CLANG_WARN_QUOTED_INCLUDE_IN_FRAMEWORK_HEADER = YES;
				CLANG_WARN_RANGE_LOOP_ANALYSIS = YES;
				CLANG_WARN_STRICT_PROTOTYPES = YES;
				CLANG_WARN_SUSPICIOUS_MOVE = YES;
				CLANG_WARN_UNGUARDED_AVAILABILITY = YES_AGGRESSIVE;
				CLANG_WARN_UNREACHABLE_CODE = YES;
				CLANG_WARN__DUPLICATE_METHOD_MATCH = YES;
				COPY_PHASE_STRIP = NO;
				DEBUG_INFORMATION_FORMAT = dwarf;
				ENABLE_STRICT_OBJC_MSGSEND = YES;
				ENABLE_TESTABILITY = YES;
				ENABLE_USER_SCRIPT_SANDBOXING = YES;
				GCC_C_LANGUAGE_STANDARD = gnu17;
				GCC_DYNAMIC_NO_PIC = NO;
				GCC_NO_COMMON_BLOCKS = YES;
				GCC_OPTIMIZATION_LEVEL = 0;
				GCC_PREPROCESSOR_DEFINITIONS = (
					"DEBUG=1",
					"$(inherited)",
				);
				GCC_WARN_64_TO_32_BIT_CONVERSION = YES;
				GCC_WARN_ABOUT_RETURN_TYPE = YES_ERROR;
				GCC_WARN_UNDECLARED_SELECTOR = YES;
				GCC_WARN_UNINITIALIZED_AUTOS = YES_AGGRESSIVE;
				GCC_WARN_UNUSED_FUNCTION = YES;
				GCC_WARN_UNUSED_VARIABLE = YES;
				IPHONEOS_DEPLOYMENT_TARGET = 17.2;
				LOCALIZATION_PREFERS_STRING_CATALOGS = YES;
				MTL_ENABLE_DEBUG_INFO = INCLUDE_SOURCE;
				MTL_FAST_MATH = YES;
				ONLY_ACTIVE_ARCH = YES;
				SDKROOT = iphoneos;
				SWIFT_ACTIVE_COMPILATION_CONDITIONS = "DEBUG $(inherited)";
				SWIFT_OPTIMIZATION_LEVEL = "-Onone";
			};
			name = Debug;
		};
		D229F5B12B9E9598004F56A7 /* Release */ = {
			isa = XCBuildConfiguration;
			buildSettings = {
				ALWAYS_SEARCH_USER_PATHS = NO;
				ASSETCATALOG_COMPILER_GENERATE_SWIFT_ASSET_SYMBOL_EXTENSIONS = YES;
				CLANG_ANALYZER_NONNULL = YES;
				CLANG_ANALYZER_NUMBER_OBJECT_CONVERSION = YES_AGGRESSIVE;
				CLANG_CXX_LANGUAGE_STANDARD = "gnu++20";
				CLANG_ENABLE_MODULES = YES;
				CLANG_ENABLE_OBJC_ARC = YES;
				CLANG_ENABLE_OBJC_WEAK = YES;
				CLANG_WARN_BLOCK_CAPTURE_AUTORELEASING = YES;
				CLANG_WARN_BOOL_CONVERSION = YES;
				CLANG_WARN_COMMA = YES;
				CLANG_WARN_CONSTANT_CONVERSION = YES;
				CLANG_WARN_DEPRECATED_OBJC_IMPLEMENTATIONS = YES;
				CLANG_WARN_DIRECT_OBJC_ISA_USAGE = YES_ERROR;
				CLANG_WARN_DOCUMENTATION_COMMENTS = YES;
				CLANG_WARN_EMPTY_BODY = YES;
				CLANG_WARN_ENUM_CONVERSION = YES;
				CLANG_WARN_INFINITE_RECURSION = YES;
				CLANG_WARN_INT_CONVERSION = YES;
				CLANG_WARN_NON_LITERAL_NULL_CONVERSION = YES;
				CLANG_WARN_OBJC_IMPLICIT_RETAIN_SELF = YES;
				CLANG_WARN_OBJC_LITERAL_CONVERSION = YES;
				CLANG_WARN_OBJC_ROOT_CLASS = YES_ERROR;
				CLANG_WARN_QUOTED_INCLUDE_IN_FRAMEWORK_HEADER = YES;
				CLANG_WARN_RANGE_LOOP_ANALYSIS = YES;
				CLANG_WARN_STRICT_PROTOTYPES = YES;
				CLANG_WARN_SUSPICIOUS_MOVE = YES;
				CLANG_WARN_UNGUARDED_AVAILABILITY = YES_AGGRESSIVE;
				CLANG_WARN_UNREACHABLE_CODE = YES;
				CLANG_WARN__DUPLICATE_METHOD_MATCH = YES;
				COPY_PHASE_STRIP = NO;
				DEBUG_INFORMATION_FORMAT = "dwarf-with-dsym";
				ENABLE_NS_ASSERTIONS = NO;
				ENABLE_STRICT_OBJC_MSGSEND = YES;
				ENABLE_USER_SCRIPT_SANDBOXING = YES;
				GCC_C_LANGUAGE_STANDARD = gnu17;
				GCC_NO_COMMON_BLOCKS = YES;
				GCC_WARN_64_TO_32_BIT_CONVERSION = YES;
				GCC_WARN_ABOUT_RETURN_TYPE = YES_ERROR;
				GCC_WARN_UNDECLARED_SELECTOR = YES;
				GCC_WARN_UNINITIALIZED_AUTOS = YES_AGGRESSIVE;
				GCC_WARN_UNUSED_FUNCTION = YES;
				GCC_WARN_UNUSED_VARIABLE = YES;
				IPHONEOS_DEPLOYMENT_TARGET = 17.2;
				LOCALIZATION_PREFERS_STRING_CATALOGS = YES;
				MTL_ENABLE_DEBUG_INFO = NO;
				MTL_FAST_MATH = YES;
				SDKROOT = iphoneos;
				SWIFT_COMPILATION_MODE = wholemodule;
				VALIDATE_PRODUCT = YES;
			};
			name = Release;
		};
		D229F5B32B9E9598004F56A7 /* Debug */ = {
			isa = XCBuildConfiguration;
			buildSettings = {
				ASSETCATALOG_COMPILER_APPICON_NAME = AppIcon;
				ASSETCATALOG_COMPILER_GLOBAL_ACCENT_COLOR_NAME = AccentColor;
				CODE_SIGN_STYLE = Automatic;
				CURRENT_PROJECT_VERSION = 1;
				DEVELOPMENT_ASSET_PATHS = "\"ScheduleApp/Preview Content\"";
				DEVELOPMENT_TEAM = YAH93RZF3C;
				ENABLE_PREVIEWS = YES;
				GENERATE_INFOPLIST_FILE = YES;
				INFOPLIST_KEY_UIApplicationSceneManifest_Generation = YES;
				INFOPLIST_KEY_UIApplicationSupportsIndirectInputEvents = YES;
				INFOPLIST_KEY_UILaunchScreen_Generation = YES;
				INFOPLIST_KEY_UISupportedInterfaceOrientations_iPad = "UIInterfaceOrientationPortrait UIInterfaceOrientationPortraitUpsideDown UIInterfaceOrientationLandscapeLeft UIInterfaceOrientationLandscapeRight";
				INFOPLIST_KEY_UISupportedInterfaceOrientations_iPhone = "UIInterfaceOrientationPortrait UIInterfaceOrientationLandscapeLeft UIInterfaceOrientationLandscapeRight";
				LD_RUNPATH_SEARCH_PATHS = (
					"$(inherited)",
					"@executable_path/Frameworks",
				);
				MARKETING_VERSION = 1.0;
				PRODUCT_BUNDLE_IDENTIFIER = test.ScheduleApp;
				PRODUCT_NAME = "$(TARGET_NAME)";
				SWIFT_EMIT_LOC_STRINGS = YES;
				SWIFT_VERSION = 5.0;
				TARGETED_DEVICE_FAMILY = "1,2";
			};
			name = Debug;
		};
		D229F5B42B9E9598004F56A7 /* Release */ = {
			isa = XCBuildConfiguration;
			buildSettings = {
				ASSETCATALOG_COMPILER_APPICON_NAME = AppIcon;
				ASSETCATALOG_COMPILER_GLOBAL_ACCENT_COLOR_NAME = AccentColor;
				CODE_SIGN_STYLE = Automatic;
				CURRENT_PROJECT_VERSION = 1;
				DEVELOPMENT_ASSET_PATHS = "\"ScheduleApp/Preview Content\"";
				DEVELOPMENT_TEAM = YAH93RZF3C;
				ENABLE_PREVIEWS = YES;
				GENERATE_INFOPLIST_FILE = YES;
				INFOPLIST_KEY_UIApplicationSceneManifest_Generation = YES;
				INFOPLIST_KEY_UIApplicationSupportsIndirectInputEvents = YES;
				INFOPLIST_KEY_UILaunchScreen_Generation = YES;
				INFOPLIST_KEY_UISupportedInterfaceOrientations_iPad = "UIInterfaceOrientationPortrait UIInterfaceOrientationPortraitUpsideDown UIInterfaceOrientationLandscapeLeft UIInterfaceOrientationLandscapeRight";
				INFOPLIST_KEY_UISupportedInterfaceOrientations_iPhone = "UIInterfaceOrientationPortrait UIInterfaceOrientationLandscapeLeft UIInterfaceOrientationLandscapeRight";
				LD_RUNPATH_SEARCH_PATHS = (
					"$(inherited)",
					"@executable_path/Frameworks",
				);
				MARKETING_VERSION = 1.0;
				PRODUCT_BUNDLE_IDENTIFIER = test.ScheduleApp;
				PRODUCT_NAME = "$(TARGET_NAME)";
				SWIFT_EMIT_LOC_STRINGS = YES;
				SWIFT_VERSION = 5.0;
				TARGETED_DEVICE_FAMILY = "1,2";
			};
			name = Release;
		};
		D229F5B62B9E9598004F56A7 /* Debug */ = {
			isa = XCBuildConfiguration;
			buildSettings = {
				ALWAYS_EMBED_SWIFT_STANDARD_LIBRARIES = YES;
				BUNDLE_LOADER = "$(TEST_HOST)";
				CODE_SIGN_STYLE = Automatic;
				CURRENT_PROJECT_VERSION = 1;
				DEVELOPMENT_TEAM = YAH93RZF3C;
				GENERATE_INFOPLIST_FILE = YES;
				IPHONEOS_DEPLOYMENT_TARGET = 17.2;
				MARKETING_VERSION = 1.0;
				PRODUCT_BUNDLE_IDENTIFIER = test.ScheduleAppTests;
				PRODUCT_NAME = "$(TARGET_NAME)";
				SWIFT_EMIT_LOC_STRINGS = NO;
				SWIFT_VERSION = 5.0;
				TARGETED_DEVICE_FAMILY = "1,2";
				TEST_HOST = "$(BUILT_PRODUCTS_DIR)/ScheduleApp.app/$(BUNDLE_EXECUTABLE_FOLDER_PATH)/ScheduleApp";
			};
			name = Debug;
		};
		D229F5B72B9E9598004F56A7 /* Release */ = {
			isa = XCBuildConfiguration;
			buildSettings = {
				ALWAYS_EMBED_SWIFT_STANDARD_LIBRARIES = YES;
				BUNDLE_LOADER = "$(TEST_HOST)";
				CODE_SIGN_STYLE = Automatic;
				CURRENT_PROJECT_VERSION = 1;
				DEVELOPMENT_TEAM = YAH93RZF3C;
				GENERATE_INFOPLIST_FILE = YES;
				IPHONEOS_DEPLOYMENT_TARGET = 17.2;
				MARKETING_VERSION = 1.0;
				PRODUCT_BUNDLE_IDENTIFIER = test.ScheduleAppTests;
				PRODUCT_NAME = "$(TARGET_NAME)";
				SWIFT_EMIT_LOC_STRINGS = NO;
				SWIFT_VERSION = 5.0;
				TARGETED_DEVICE_FAMILY = "1,2";
				TEST_HOST = "$(BUILT_PRODUCTS_DIR)/ScheduleApp.app/$(BUNDLE_EXECUTABLE_FOLDER_PATH)/ScheduleApp";
			};
			name = Release;
		};
		D229F5B92B9E9598004F56A7 /* Debug */ = {
			isa = XCBuildConfiguration;
			buildSettings = {
				ALWAYS_EMBED_SWIFT_STANDARD_LIBRARIES = YES;
				CODE_SIGN_STYLE = Automatic;
				CURRENT_PROJECT_VERSION = 1;
				DEVELOPMENT_TEAM = YAH93RZF3C;
				GENERATE_INFOPLIST_FILE = YES;
				MARKETING_VERSION = 1.0;
				PRODUCT_BUNDLE_IDENTIFIER = test.ScheduleAppUITests;
				PRODUCT_NAME = "$(TARGET_NAME)";
				SWIFT_EMIT_LOC_STRINGS = NO;
				SWIFT_VERSION = 5.0;
				TARGETED_DEVICE_FAMILY = "1,2";
				TEST_TARGET_NAME = ScheduleApp;
			};
			name = Debug;
		};
		D229F5BA2B9E9598004F56A7 /* Release */ = {
			isa = XCBuildConfiguration;
			buildSettings = {
				ALWAYS_EMBED_SWIFT_STANDARD_LIBRARIES = YES;
				CODE_SIGN_STYLE = Automatic;
				CURRENT_PROJECT_VERSION = 1;
				DEVELOPMENT_TEAM = YAH93RZF3C;
				GENERATE_INFOPLIST_FILE = YES;
				MARKETING_VERSION = 1.0;
				PRODUCT_BUNDLE_IDENTIFIER = test.ScheduleAppUITests;
				PRODUCT_NAME = "$(TARGET_NAME)";
				SWIFT_EMIT_LOC_STRINGS = NO;
				SWIFT_VERSION = 5.0;
				TARGETED_DEVICE_FAMILY = "1,2";
				TEST_TARGET_NAME = ScheduleApp;
			};
			name = Release;
		};
/* End XCBuildConfiguration section */

/* Begin XCConfigurationList section */
		D229F5872B9E9595004F56A7 /* Build configuration list for PBXProject "ScheduleApp" */ = {
			isa = XCConfigurationList;
			buildConfigurations = (
				D229F5B02B9E9598004F56A7 /* Debug */,
				D229F5B12B9E9598004F56A7 /* Release */,
			);
			defaultConfigurationIsVisible = 0;
			defaultConfigurationName = Release;
		};
		D229F5B22B9E9598004F56A7 /* Build configuration list for PBXNativeTarget "ScheduleApp" */ = {
			isa = XCConfigurationList;
			buildConfigurations = (
				D229F5B32B9E9598004F56A7 /* Debug */,
				D229F5B42B9E9598004F56A7 /* Release */,
			);
			defaultConfigurationIsVisible = 0;
			defaultConfigurationName = Release;
		};
		D229F5B52B9E9598004F56A7 /* Build configuration list for PBXNativeTarget "ScheduleAppTests" */ = {
			isa = XCConfigurationList;
			buildConfigurations = (
				D229F5B62B9E9598004F56A7 /* Debug */,
				D229F5B72B9E9598004F56A7 /* Release */,
			);
			defaultConfigurationIsVisible = 0;
			defaultConfigurationName = Release;
		};
		D229F5B82B9E9598004F56A7 /* Build configuration list for PBXNativeTarget "ScheduleAppUITests" */ = {
			isa = XCConfigurationList;
			buildConfigurations = (
				D229F5B92B9E9598004F56A7 /* Debug */,
				D229F5BA2B9E9598004F56A7 /* Release */,
			);
			defaultConfigurationIsVisible = 0;
			defaultConfigurationName = Release;
		};
/* End XCConfigurationList section */
	};
	rootObject = D229F5842B9E9595004F56A7 /* Project object */;
}
